
Microsoft Visual Studio Solution File, Format Version 12.00
Project("{FAE04EC0-301F-11D3-BF4B-00C04F79EFBC}") = "EShop", "Eshop\EShop\EShop.csproj", "{FDB8006A-A96F-4F20-BEF1-DA95D133314E}"
EndProject
Project("{FAE04EC0-301F-11D3-BF4B-00C04F79EFBC}") = "Domain", "Eshop\Domain\Domain.csproj", "{0EB4D801-AA49-482E-A240-AAFB4E522C38}"
EndProject
Project("{FAE04EC0-301F-11D3-BF4B-00C04F79EFBC}") = "Infrastructure", "Eshop\Infrastructure\Infrastructure.csproj", "{1E6F2826-C1E2-4C95-AF83-1697346C7539}"
EndProject
Project("{FAE04EC0-301F-11D3-BF4B-00C04F79EFBC}") = "Application", "Eshop\Application\Application.csproj", "{9A3149D2-E90F-41A3-BC76-1C055568AFF2}"
EndProject
Project("{2150E333-8FDC-42A3-9474-1A3956D46DE8}") = "EShop", "EShop", "{5EE15EEE-FC6E-4177-9E9B-3A2AC764471F}"
EndProject
Project("{2150E333-8FDC-42A3-9474-1A3956D46DE8}") = "VerticalSliceEShop", "VerticalSliceEShop", "{253292A6-EC42-4662-B3F6-64E954BBB768}"
EndProject
Project("{FAE04EC0-301F-11D3-BF4B-00C04F79EFBC}") = "VerticalEShop", "VerticalSliceEShop\VerticalEShop\VerticalEShop.csproj", "{DBC63950-73F6-4500-B782-67E772F6FD1C}"
EndProject
Global
	GlobalSection(SolutionConfigurationPlatforms) = preSolution
		Debug|Any CPU = Debug|Any CPU
		Release|Any CPU = Release|Any CPU
	EndGlobalSection
	GlobalSection(ProjectConfigurationPlatforms) = postSolution
		{FDB8006A-A96F-4F20-BEF1-DA95D133314E}.Debug|Any CPU.ActiveCfg = Debug|Any CPU
		{FDB8006A-A96F-4F20-BEF1-DA95D133314E}.Debug|Any CPU.Build.0 = Debug|Any CPU
		{FDB8006A-A96F-4F20-BEF1-DA95D133314E}.Release|Any CPU.ActiveCfg = Release|Any CPU
		{FDB8006A-A96F-4F20-BEF1-DA95D133314E}.Release|Any CPU.Build.0 = Release|Any CPU
		{0EB4D801-AA49-482E-A240-AAFB4E522C38}.Debug|Any CPU.ActiveCfg = Debug|Any CPU
		{0EB4D801-AA49-482E-A240-AAFB4E522C38}.Debug|Any CPU.Build.0 = Debug|Any CPU
		{0EB4D801-AA49-482E-A240-AAFB4E522C38}.Release|Any CPU.ActiveCfg = Release|Any CPU
		{0EB4D801-AA49-482E-A240-AAFB4E522C38}.Release|Any CPU.Build.0 = Release|Any CPU
		{1E6F2826-C1E2-4C95-AF83-1697346C7539}.Debug|Any CPU.ActiveCfg = Debug|Any CPU
		{1E6F2826-C1E2-4C95-AF83-1697346C7539}.Debug|Any CPU.Build.0 = Debug|Any CPU
		{1E6F2826-C1E2-4C95-AF83-1697346C7539}.Release|Any CPU.ActiveCfg = Release|Any CPU
		{1E6F2826-C1E2-4C95-AF83-1697346C7539}.Release|Any CPU.Build.0 = Release|Any CPU
		{9A3149D2-E90F-41A3-BC76-1C055568AFF2}.Debug|Any CPU.ActiveCfg = Debug|Any CPU
		{9A3149D2-E90F-41A3-BC76-1C055568AFF2}.Debug|Any CPU.Build.0 = Debug|Any CPU
		{9A3149D2-E90F-41A3-BC76-1C055568AFF2}.Release|Any CPU.ActiveCfg = Release|Any CPU
		{9A3149D2-E90F-41A3-BC76-1C055568AFF2}.Release|Any CPU.Build.0 = Release|Any CPU
		{DBC63950-73F6-4500-B782-67E772F6FD1C}.Debug|Any CPU.ActiveCfg = Debug|Any CPU
		{DBC63950-73F6-4500-B782-67E772F6FD1C}.Debug|Any CPU.Build.0 = Debug|Any CPU
		{DBC63950-73F6-4500-B782-67E772F6FD1C}.Release|Any CPU.ActiveCfg = Release|Any CPU
		{DBC63950-73F6-4500-B782-67E772F6FD1C}.Release|Any CPU.Build.0 = Release|Any CPU
	EndGlobalSection
	GlobalSection(NestedProjects) = preSolution
		{9A3149D2-E90F-41A3-BC76-1C055568AFF2} = {5EE15EEE-FC6E-4177-9E9B-3A2AC764471F}
		{0EB4D801-AA49-482E-A240-AAFB4E522C38} = {5EE15EEE-FC6E-4177-9E9B-3A2AC764471F}
		{1E6F2826-C1E2-4C95-AF83-1697346C7539} = {5EE15EEE-FC6E-4177-9E9B-3A2AC764471F}
		{FDB8006A-A96F-4F20-BEF1-DA95D133314E} = {5EE15EEE-FC6E-4177-9E9B-3A2AC764471F}
		{DBC63950-73F6-4500-B782-67E772F6FD1C} = {253292A6-EC42-4662-B3F6-64E954BBB768}
	EndGlobalSection
EndGlobal
